
Microsoft Visual Studio Solution File, Format Version 12.00
# Visual Studio Version 16
VisualStudioVersion = 16.0.28729.10
MinimumVisualStudioVersion = 10.0.40219.1
Project("{FAE04EC0-301F-11D3-BF4B-00C04F79EFBC}") = "UnitTestProject1", "UnitTestProject1\UnitTestProject1.csproj", "{DBBA4D87-2E82-4D44-ABAA-06E68459E28E}"
EndProject
Global
	GlobalSection(SolutionConfigurationPlatforms) = preSolution
		Debug|Any CPU = Debug|Any CPU
		Release|Any CPU = Release|Any CPU
	EndGlobalSection
	GlobalSection(ProjectConfigurationPlatforms) = postSolution
		{DBBA4D87-2E82-4D44-ABAA-06E68459E28E}.Debug|Any CPU.ActiveCfg = Debug|Any CPU
		{DBBA4D87-2E82-4D44-ABAA-06E68459E28E}.Debug|Any CPU.Build.0 = Debug|Any CPU
		{DBBA4D87-2E82-4D44-ABAA-06E68459E28E}.Release|Any CPU.ActiveCfg = Release|Any CPU
		{DBBA4D87-2E82-4D44-ABAA-06E68459E28E}.Release|Any CPU.Build.0 = Release|Any CPU
	EndGlobalSection
	GlobalSection(SolutionProperties) = preSolution
		HideSolutionNode = FALSE
	EndGlobalSection
	GlobalSection(ExtensibilityGlobals) = postSolution
		SolutionGuid = {AA92768C-80DE-4F74-9D0F-A475FA476CD8}
	EndGlobalSection
EndGlobal
